
Microsoft Visual Studio Solution File, Format Version 12.00
# Visual Studio 2012
Project("{FAE04EC0-301F-11D3-BF4B-00C04F79EFBC}") = "MultiThreadsExample", "MultiThreadsExample.csproj", "{73FE6F2F-8FB1-4089-A741-705F158083B4}"
EndProject
Global
	GlobalSection(SolutionConfigurationPlatforms) = preSolution
		Debug|Any CPU = Debug|Any CPU
		Release|Any CPU = Release|Any CPU
	EndGlobalSection
	GlobalSection(ProjectConfigurationPlatforms) = postSolution
		{73FE6F2F-8FB1-4089-A741-705F158083B4}.Debug|Any CPU.ActiveCfg = Debug|Any CPU
		{73FE6F2F-8FB1-4089-A741-705F158083B4}.Debug|Any CPU.Build.0 = Debug|Any CPU
		{73FE6F2F-8FB1-4089-A741-705F158083B4}.Release|Any CPU.ActiveCfg = Release|Any CPU
		{73FE6F2F-8FB1-4089-A741-705F158083B4}.Release|Any CPU.Build.0 = Release|Any CPU
	EndGlobalSection
	GlobalSection(SolutionProperties) = preSolution
		HideSolutionNode = FALSE
	EndGlobalSection
EndGlobal
