
Microsoft Visual Studio Solution File, Format Version 12.00
# Visual Studio 2012
Project("{FAE04EC0-301F-11D3-BF4B-00C04F79EFBC}") = "KillProcess", "KillProcess.csproj", "{CBDAD2D7-0DD5-4BD2-ABBD-73E02C04D3AB}"
EndProject
Global
	GlobalSection(SolutionConfigurationPlatforms) = preSolution
		Debug|Any CPU = Debug|Any CPU
		Release|Any CPU = Release|Any CPU
	EndGlobalSection
	GlobalSection(ProjectConfigurationPlatforms) = postSolution
		{CBDAD2D7-0DD5-4BD2-ABBD-73E02C04D3AB}.Debug|Any CPU.ActiveCfg = Debug|Any CPU
		{CBDAD2D7-0DD5-4BD2-ABBD-73E02C04D3AB}.Debug|Any CPU.Build.0 = Debug|Any CPU
		{CBDAD2D7-0DD5-4BD2-ABBD-73E02C04D3AB}.Release|Any CPU.ActiveCfg = Release|Any CPU
		{CBDAD2D7-0DD5-4BD2-ABBD-73E02C04D3AB}.Release|Any CPU.Build.0 = Release|Any CPU
	EndGlobalSection
	GlobalSection(SolutionProperties) = preSolution
		HideSolutionNode = FALSE
	EndGlobalSection
EndGlobal
